// !$*UTF8*$!
{
	archiveVersion = 1;
	classes = {
	};
	objectVersion = 46;
	objects = {

/* Begin PBXBuildFile section */
		F2A756CF1EFFEFD700C3BCAC /* AppDelegate.swift in Sources */ = {isa = PBXBuildFile; fileRef = F2A756CE1EFFEFD700C3BCAC /* AppDelegate.swift */; };
		F2A756D11EFFEFD700C3BCAC /* SwipeNavigationVC.swift in Sources */ = {isa = PBXBuildFile; fileRef = F2A756D01EFFEFD700C3BCAC /* SwipeNavigationVC.swift */; };
		F2A756D41EFFEFD700C3BCAC /* Main.storyboard in Resources */ = {isa = PBXBuildFile; fileRef = F2A756D21EFFEFD700C3BCAC /* Main.storyboard */; };
		F2A756D61EFFEFD700C3BCAC /* Assets.xcassets in Resources */ = {isa = PBXBuildFile; fileRef = F2A756D51EFFEFD700C3BCAC /* Assets.xcassets */; };
		F2A756D91EFFEFD700C3BCAC /* LaunchScreen.storyboard in Resources */ = {isa = PBXBuildFile; fileRef = F2A756D71EFFEFD700C3BCAC /* LaunchScreen.storyboard */; };
		F2A756E51EFFF00A00C3BCAC /* SwipeNavigationController.swift in Sources */ = {isa = PBXBuildFile; fileRef = F2A756E21EFFF00A00C3BCAC /* SwipeNavigationController.swift */; };
		F2A756E61EFFF00A00C3BCAC /* SwipeNavigationBar.swift in Sources */ = {isa = PBXBuildFile; fileRef = F2A756E31EFFF00A00C3BCAC /* SwipeNavigationBar.swift */; };
		F2A756E71EFFF00A00C3BCAC /* SwipeNavigationBackgroundEffects.swift in Sources */ = {isa = PBXBuildFile; fileRef = F2A756E41EFFF00A00C3BCAC /* SwipeNavigationBackgroundEffects.swift */; };
		F2A756EF1EFFF35800C3BCAC /* ProfileVC.swift in Sources */ = {isa = PBXBuildFile; fileRef = F2A756EE1EFFF35800C3BCAC /* ProfileVC.swift */; };
		F2A756F11EFFF36D00C3BCAC /* CardsVC.swift in Sources */ = {isa = PBXBuildFile; fileRef = F2A756F01EFFF36D00C3BCAC /* CardsVC.swift */; };
		F2A756F31EFFF3AE00C3BCAC /* MatchesVC.swift in Sources */ = {isa = PBXBuildFile; fileRef = F2A756F21EFFF3AE00C3BCAC /* MatchesVC.swift */; };
/* End PBXBuildFile section */

/* Begin PBXFileReference section */
		F2A756CB1EFFEFD700C3BCAC /* TinderForJobs.app */ = {isa = PBXFileReference; explicitFileType = wrapper.application; includeInIndex = 0; path = TinderForJobs.app; sourceTree = BUILT_PRODUCTS_DIR; };
		F2A756CE1EFFEFD700C3BCAC /* AppDelegate.swift */ = {isa = PBXFileReference; lastKnownFileType = sourcecode.swift; path = AppDelegate.swift; sourceTree = "<group>"; };
		F2A756D01EFFEFD700C3BCAC /* SwipeNavigationVC.swift */ = {isa = PBXFileReference; lastKnownFileType = sourcecode.swift; path = SwipeNavigationVC.swift; sourceTree = "<group>"; };
		F2A756D31EFFEFD700C3BCAC /* Base */ = {isa = PBXFileReference; lastKnownFileType = file.storyboard; name = Base; path = Base.lproj/Main.storyboard; sourceTree = "<group>"; };
		F2A756D51EFFEFD700C3BCAC /* Assets.xcassets */ = {isa = PBXFileReference; lastKnownFileType = folder.assetcatalog; path = Assets.xcassets; sourceTree = "<group>"; };
		F2A756D81EFFEFD700C3BCAC /* Base */ = {isa = PBXFileReference; lastKnownFileType = file.storyboard; name = Base; path = Base.lproj/LaunchScreen.storyboard; sourceTree = "<group>"; };
		F2A756DA1EFFEFD700C3BCAC /* Info.plist */ = {isa = PBXFileReference; lastKnownFileType = text.plist.xml; path = Info.plist; sourceTree = "<group>"; };
		F2A756E21EFFF00A00C3BCAC /* SwipeNavigationController.swift */ = {isa = PBXFileReference; fileEncoding = 4; lastKnownFileType = sourcecode.swift; path = SwipeNavigationController.swift; sourceTree = "<group>"; };
		F2A756E31EFFF00A00C3BCAC /* SwipeNavigationBar.swift */ = {isa = PBXFileReference; fileEncoding = 4; lastKnownFileType = sourcecode.swift; path = SwipeNavigationBar.swift; sourceTree = "<group>"; };
		F2A756E41EFFF00A00C3BCAC /* SwipeNavigationBackgroundEffects.swift */ = {isa = PBXFileReference; fileEncoding = 4; lastKnownFileType = sourcecode.swift; path = SwipeNavigationBackgroundEffects.swift; sourceTree = "<group>"; };
		F2A756EE1EFFF35800C3BCAC /* ProfileVC.swift */ = {isa = PBXFileReference; fileEncoding = 4; lastKnownFileType = sourcecode.swift; path = ProfileVC.swift; sourceTree = "<group>"; };
		F2A756F01EFFF36D00C3BCAC /* CardsVC.swift */ = {isa = PBXFileReference; fileEncoding = 4; lastKnownFileType = sourcecode.swift; path = CardsVC.swift; sourceTree = "<group>"; };
		F2A756F21EFFF3AE00C3BCAC /* MatchesVC.swift */ = {isa = PBXFileReference; fileEncoding = 4; lastKnownFileType = sourcecode.swift; path = MatchesVC.swift; sourceTree = "<group>"; };
/* End PBXFileReference section */

/* Begin PBXFrameworksBuildPhase section */
		F2A756C81EFFEFD700C3BCAC /* Frameworks */ = {
			isa = PBXFrameworksBuildPhase;
			buildActionMask = 2147483647;
			files = (
			);
			runOnlyForDeploymentPostprocessing = 0;
		};
/* End PBXFrameworksBuildPhase section */

/* Begin PBXGroup section */
		F2A756C21EFFEFD700C3BCAC = {
			isa = PBXGroup;
			children = (
				F2A756CD1EFFEFD700C3BCAC /* TinderForJobs */,
				F2A756CC1EFFEFD700C3BCAC /* Products */,
			);
			sourceTree = "<group>";
		};
		F2A756CC1EFFEFD700C3BCAC /* Products */ = {
			isa = PBXGroup;
			children = (
				F2A756CB1EFFEFD700C3BCAC /* TinderForJobs.app */,
			);
			name = Products;
			sourceTree = "<group>";
		};
		F2A756CD1EFFEFD700C3BCAC /* TinderForJobs */ = {
			isa = PBXGroup;
			children = (
				F2A756EB1EFFF03200C3BCAC /* App */,
				F2A756E91EFFF01D00C3BCAC /* Storyboards */,
				F2A756ED1EFFF33800C3BCAC /* View Controllers */,
				F2A756EA1EFFF02B00C3BCAC /* Ressources */,
				F2A756EC1EFFF31E00C3BCAC /* Frameworks */,
			);
			path = TinderForJobs;
			sourceTree = "<group>";
		};
		F2A756E81EFFF00F00C3BCAC /* Swipe Navigation */ = {
			isa = PBXGroup;
			children = (
				F2A756E21EFFF00A00C3BCAC /* SwipeNavigationController.swift */,
				F2A756E31EFFF00A00C3BCAC /* SwipeNavigationBar.swift */,
				F2A756E41EFFF00A00C3BCAC /* SwipeNavigationBackgroundEffects.swift */,
			);
			name = "Swipe Navigation";
			sourceTree = "<group>";
		};
		F2A756E91EFFF01D00C3BCAC /* Storyboards */ = {
			isa = PBXGroup;
			children = (
				F2A756D21EFFEFD700C3BCAC /* Main.storyboard */,
				F2A756D71EFFEFD700C3BCAC /* LaunchScreen.storyboard */,
			);
			name = Storyboards;
			sourceTree = "<group>";
		};
		F2A756EA1EFFF02B00C3BCAC /* Ressources */ = {
			isa = PBXGroup;
			children = (
				F2A756D51EFFEFD700C3BCAC /* Assets.xcassets */,
				F2A756DA1EFFEFD700C3BCAC /* Info.plist */,
			);
			name = Ressources;
			sourceTree = "<group>";
		};
		F2A756EB1EFFF03200C3BCAC /* App */ = {
			isa = PBXGroup;
			children = (
				F2A756CE1EFFEFD700C3BCAC /* AppDelegate.swift */,
			);
			name = App;
			sourceTree = "<group>";
		};
		F2A756EC1EFFF31E00C3BCAC /* Frameworks */ = {
			isa = PBXGroup;
			children = (
				F2A756E81EFFF00F00C3BCAC /* Swipe Navigation */,
			);
			name = Frameworks;
			sourceTree = "<group>";
		};
		F2A756ED1EFFF33800C3BCAC /* View Controllers */ = {
			isa = PBXGroup;
			children = (
				F2A756D01EFFEFD700C3BCAC /* SwipeNavigationVC.swift */,
				F2A756EE1EFFF35800C3BCAC /* ProfileVC.swift */,
				F2A756F01EFFF36D00C3BCAC /* CardsVC.swift */,
				F2A756F21EFFF3AE00C3BCAC /* MatchesVC.swift */,
			);
			name = "View Controllers";
			sourceTree = "<group>";
		};
/* End PBXGroup section */

/* Begin PBXNativeTarget section */
		F2A756CA1EFFEFD700C3BCAC /* TinderForJobs */ = {
			isa = PBXNativeTarget;
			buildConfigurationList = F2A756DD1EFFEFD700C3BCAC /* Build configuration list for PBXNativeTarget "TinderForJobs" */;
			buildPhases = (
				F2A756C71EFFEFD700C3BCAC /* Sources */,
				F2A756C81EFFEFD700C3BCAC /* Frameworks */,
				F2A756C91EFFEFD700C3BCAC /* Resources */,
			);
			buildRules = (
			);
			dependencies = (
			);
			name = TinderForJobs;
			productName = TinderForJobs;
			productReference = F2A756CB1EFFEFD700C3BCAC /* TinderForJobs.app */;
			productType = "com.apple.product-type.application";
		};
/* End PBXNativeTarget section */

/* Begin PBXProject section */
		F2A756C31EFFEFD700C3BCAC /* Project object */ = {
			isa = PBXProject;
			attributes = {
				LastSwiftUpdateCheck = 0830;
				LastUpgradeCheck = 0830;
				ORGANIZATIONNAME = "Emil Gräs";
				TargetAttributes = {
					F2A756CA1EFFEFD700C3BCAC = {
						CreatedOnToolsVersion = 8.3.2;
						DevelopmentTeam = 92JP5CLC3B;
						ProvisioningStyle = Automatic;
					};
				};
			};
			buildConfigurationList = F2A756C61EFFEFD700C3BCAC /* Build configuration list for PBXProject "TinderForJobs" */;
			compatibilityVersion = "Xcode 3.2";
			developmentRegion = English;
			hasScannedForEncodings = 0;
			knownRegions = (
				en,
				Base,
			);
			mainGroup = F2A756C21EFFEFD700C3BCAC;
			productRefGroup = F2A756CC1EFFEFD700C3BCAC /* Products */;
			projectDirPath = "";
			projectRoot = "";
			targets = (
				F2A756CA1EFFEFD700C3BCAC /* TinderForJobs */,
			);
		};
/* End PBXProject section */

/* Begin PBXResourcesBuildPhase section */
		F2A756C91EFFEFD700C3BCAC /* Resources */ = {
			isa = PBXResourcesBuildPhase;
			buildActionMask = 2147483647;
			files = (
				F2A756D91EFFEFD700C3BCAC /* LaunchScreen.storyboard in Resources */,
				F2A756D61EFFEFD700C3BCAC /* Assets.xcassets in Resources */,
				F2A756D41EFFEFD700C3BCAC /* Main.storyboard in Resources */,
			);
			runOnlyForDeploymentPostprocessing = 0;
		};
/* End PBXResourcesBuildPhase section */

/* Begin PBXSourcesBuildPhase section */
		F2A756C71EFFEFD700C3BCAC /* Sources */ = {
			isa = PBXSourcesBuildPhase;
			buildActionMask = 2147483647;
			files = (
				F2A756F31EFFF3AE00C3BCAC /* MatchesVC.swift in Sources */,
				F2A756EF1EFFF35800C3BCAC /* ProfileVC.swift in Sources */,
				F2A756E61EFFF00A00C3BCAC /* SwipeNavigationBar.swift in Sources */,
				F2A756F11EFFF36D00C3BCAC /* CardsVC.swift in Sources */,
				F2A756E71EFFF00A00C3BCAC /* SwipeNavigationBackgroundEffects.swift in Sources */,
				F2A756E51EFFF00A00C3BCAC /* SwipeNavigationController.swift in Sources */,
				F2A756D11EFFEFD700C3BCAC /* SwipeNavigationVC.swift in Sources */,
				F2A756CF1EFFEFD700C3BCAC /* AppDelegate.swift in Sources */,
			);
			runOnlyForDeploymentPostprocessing = 0;
		};
/* End PBXSourcesBuildPhase section */

/* Begin PBXVariantGroup section */
		F2A756D21EFFEFD700C3BCAC /* Main.storyboard */ = {
			isa = PBXVariantGroup;
			children = (
				F2A756D31EFFEFD700C3BCAC /* Base */,
			);
			name = Main.storyboard;
			sourceTree = "<group>";
		};
		F2A756D71EFFEFD700C3BCAC /* LaunchScreen.storyboard */ = {
			isa = PBXVariantGroup;
			children = (
				F2A756D81EFFEFD700C3BCAC /* Base */,
			);
			name = LaunchScreen.storyboard;
			sourceTree = "<group>";
		};
/* End PBXVariantGroup section */

/* Begin XCBuildConfiguration section */
		F2A756DB1EFFEFD700C3BCAC /* Debug */ = {
			isa = XCBuildConfiguration;
			buildSettings = {
				ALWAYS_SEARCH_USER_PATHS = NO;
				CLANG_ANALYZER_NONNULL = YES;
				CLANG_ANALYZER_NUMBER_OBJECT_CONVERSION = YES_AGGRESSIVE;
				CLANG_CXX_LANGUAGE_STANDARD = "gnu++0x";
				CLANG_CXX_LIBRARY = "libc++";
				CLANG_ENABLE_MODULES = YES;
				CLANG_ENABLE_OBJC_ARC = YES;
				CLANG_WARN_BOOL_CONVERSION = YES;
				CLANG_WARN_CONSTANT_CONVERSION = YES;
				CLANG_WARN_DIRECT_OBJC_ISA_USAGE = YES_ERROR;
				CLANG_WARN_DOCUMENTATION_COMMENTS = YES;
				CLANG_WARN_EMPTY_BODY = YES;
				CLANG_WARN_ENUM_CONVERSION = YES;
				CLANG_WARN_INFINITE_RECURSION = YES;
				CLANG_WARN_INT_CONVERSION = YES;
				CLANG_WARN_OBJC_ROOT_CLASS = YES_ERROR;
				CLANG_WARN_SUSPICIOUS_MOVE = YES;
				CLANG_WARN_UNREACHABLE_CODE = YES;
				CLANG_WARN__DUPLICATE_METHOD_MATCH = YES;
				"CODE_SIGN_IDENTITY[sdk=iphoneos*]" = "iPhone Developer";
				COPY_PHASE_STRIP = NO;
				DEBUG_INFORMATION_FORMAT = dwarf;
				ENABLE_STRICT_OBJC_MSGSEND = YES;
				ENABLE_TESTABILITY = YES;
				GCC_C_LANGUAGE_STANDARD = gnu99;
				GCC_DYNAMIC_NO_PIC = NO;
				GCC_NO_COMMON_BLOCKS = YES;
				GCC_OPTIMIZATION_LEVEL = 0;
				GCC_PREPROCESSOR_DEFINITIONS = (
					"DEBUG=1",
					"$(inherited)",
				);
				GCC_WARN_64_TO_32_BIT_CONVERSION = YES;
				GCC_WARN_ABOUT_RETURN_TYPE = YES_ERROR;
				GCC_WARN_UNDECLARED_SELECTOR = YES;
				GCC_WARN_UNINITIALIZED_AUTOS = YES_AGGRESSIVE;
				GCC_WARN_UNUSED_FUNCTION = YES;
				GCC_WARN_UNUSED_VARIABLE = YES;
				IPHONEOS_DEPLOYMENT_TARGET = 10.3;
				MTL_ENABLE_DEBUG_INFO = YES;
				ONLY_ACTIVE_ARCH = YES;
				SDKROOT = iphoneos;
				SWIFT_ACTIVE_COMPILATION_CONDITIONS = DEBUG;
				SWIFT_OPTIMIZATION_LEVEL = "-Onone";
			};
			name = Debug;
		};
		F2A756DC1EFFEFD700C3BCAC /* Release */ = {
			isa = XCBuildConfiguration;
			buildSettings = {
				ALWAYS_SEARCH_USER_PATHS = NO;
				CLANG_ANALYZER_NONNULL = YES;
				CLANG_ANALYZER_NUMBER_OBJECT_CONVERSION = YES_AGGRESSIVE;
				CLANG_CXX_LANGUAGE_STANDARD = "gnu++0x";
				CLANG_CXX_LIBRARY = "libc++";
				CLANG_ENABLE_MODULES = YES;
				CLANG_ENABLE_OBJC_ARC = YES;
				CLANG_WARN_BOOL_CONVERSION = YES;
				CLANG_WARN_CONSTANT_CONVERSION = YES;
				CLANG_WARN_DIRECT_OBJC_ISA_USAGE = YES_ERROR;
				CLANG_WARN_DOCUMENTATION_COMMENTS = YES;
				CLANG_WARN_EMPTY_BODY = YES;
				CLANG_WARN_ENUM_CONVERSION = YES;
				CLANG_WARN_INFINITE_RECURSION = YES;
				CLANG_WARN_INT_CONVERSION = YES;
				CLANG_WARN_OBJC_ROOT_CLASS = YES_ERROR;
				CLANG_WARN_SUSPICIOUS_MOVE = YES;
				CLANG_WARN_UNREACHABLE_CODE = YES;
				CLANG_WARN__DUPLICATE_METHOD_MATCH = YES;
				"CODE_SIGN_IDENTITY[sdk=iphoneos*]" = "iPhone Developer";
				COPY_PHASE_STRIP = NO;
				DEBUG_INFORMATION_FORMAT = "dwarf-with-dsym";
				ENABLE_NS_ASSERTIONS = NO;
				ENABLE_STRICT_OBJC_MSGSEND = YES;
				GCC_C_LANGUAGE_STANDARD = gnu99;
				GCC_NO_COMMON_BLOCKS = YES;
				GCC_WARN_64_TO_32_BIT_CONVERSION = YES;
				GCC_WARN_ABOUT_RETURN_TYPE = YES_ERROR;
				GCC_WARN_UNDECLARED_SELECTOR = YES;
				GCC_WARN_UNINITIALIZED_AUTOS = YES_AGGRESSIVE;
				GCC_WARN_UNUSED_FUNCTION = YES;
				GCC_WARN_UNUSED_VARIABLE = YES;
				IPHONEOS_DEPLOYMENT_TARGET = 10.3;
				MTL_ENABLE_DEBUG_INFO = NO;
				SDKROOT = iphoneos;
				SWIFT_OPTIMIZATION_LEVEL = "-Owholemodule";
				VALIDATE_PRODUCT = YES;
			};
			name = Release;
		};
		F2A756DE1EFFEFD700C3BCAC /* Debug */ = {
			isa = XCBuildConfiguration;
			buildSettings = {
				ASSETCATALOG_COMPILER_APPICON_NAME = AppIcon;
				DEVELOPMENT_TEAM = 92JP5CLC3B;
				INFOPLIST_FILE = TinderForJobs/Info.plist;
				LD_RUNPATH_SEARCH_PATHS = "$(inherited) @executable_path/Frameworks";
				PRODUCT_BUNDLE_IDENTIFIER = com.emilgras.TinderForJobs;
				PRODUCT_NAME = "$(TARGET_NAME)";
				SWIFT_VERSION = 3.0;
			};
			name = Debug;
		};
		F2A756DF1EFFEFD700C3BCAC /* Release */ = {
			isa = XCBuildConfiguration;
			buildSettings = {
				ASSETCATALOG_COMPILER_APPICON_NAME = AppIcon;
				DEVELOPMENT_TEAM = 92JP5CLC3B;
				INFOPLIST_FILE = TinderForJobs/Info.plist;
				LD_RUNPATH_SEARCH_PATHS = "$(inherited) @executable_path/Frameworks";
				PRODUCT_BUNDLE_IDENTIFIER = com.emilgras.TinderForJobs;
				PRODUCT_NAME = "$(TARGET_NAME)";
				SWIFT_VERSION = 3.0;
			};
			name = Release;
		};
/* End XCBuildConfiguration section */

/* Begin XCConfigurationList section */
		F2A756C61EFFEFD700C3BCAC /* Build configuration list for PBXProject "TinderForJobs" */ = {
			isa = XCConfigurationList;
			buildConfigurations = (
				F2A756DB1EFFEFD700C3BCAC /* Debug */,
				F2A756DC1EFFEFD700C3BCAC /* Release */,
			);
			defaultConfigurationIsVisible = 0;
			defaultConfigurationName = Release;
		};
		F2A756DD1EFFEFD700C3BCAC /* Build configuration list for PBXNativeTarget "TinderForJobs" */ = {
			isa = XCConfigurationList;
			buildConfigurations = (
				F2A756DE1EFFEFD700C3BCAC /* Debug */,
				F2A756DF1EFFEFD700C3BCAC /* Release */,
			);
			defaultConfigurationIsVisible = 0;
		};
/* End XCConfigurationList section */
	};
	rootObject = F2A756C31EFFEFD700C3BCAC /* Project object */;
}
